dependencies:
- name: redis
  repository: oci://registry1.dso.mil/bigbang
  version: 22.0.7-bb.0
- name: bb-common
  repository: oci://registry1.dso.mil/bigbang
  version: 0.8.1
digest: sha256:ceec9d30a06317523bcd0eb792212de81b8a6ced1a2c76d7088433c0f70d6000
generated: "2025-09-30T13:31:36.561228-04:00"
